{
  "nodes": {
    "home-manager": {
      "inputs": {
        "nixpkgs": [
          "nixpkgs"
        ]
      },
      "locked": {
        "lastModified": 1684157850,
        "narHash": "sha256-xGHTCgvAxO5CgAL6IAgE/VGRX2wob2Y+DPyqpXJ32oQ=",
        "owner": "nix-community",
        "repo": "home-manager",
        "rev": "c0deab0effd576e70343cb5df0c64428e0e0d010",
        "type": "github"
      },
      "original": {
        "owner": "nix-community",
        "ref": "master",
        "repo": "home-manager",
        "type": "github"
      }
    },
    "nixpkgs": {
      "locked": {
        "lastModified": 1684241920,
        "narHash": "sha256-pPC11qBzRjGp5y6+96Z8f2jdp5W4JVfPkKFOijCeXQk=",
        "owner": "CHN-beta",
        "repo": "nixpkgs",
        "rev": "f52f47099b48b58c51836398cf4cc769869eedbb",
        "type": "github"
      },
      "original": {
        "owner": "CHN-beta",
        "ref": "nixos-unstable",
        "repo": "nixpkgs",
        "type": "github"
      }
    },
    "root": {
      "inputs": {
        "home-manager": "home-manager",
        "nixpkgs": "nixpkgs"
      }
    }
  },
  "root": "root",
  "version": 7
}
