{
  "nodes": {
    "home-manager": {
      "inputs": {
        "nixpkgs": [
          "nixpkgs"
        ]
      },
      "locked": {
        "lastModified": 1684189380,
        "narHash": "sha256-GUp9OkZynocyppLur1VX8oAjtXGue0oKRHbsksOMUm0=",
        "owner": "nix-community",
        "repo": "home-manager",
        "rev": "b7d814c5744dca7e70b3dc2638f06568dce96ca6",
        "type": "github"
      },
      "original": {
        "owner": "nix-community",
        "ref": "master",
        "repo": "home-manager",
        "type": "github"
      }
    },
    "nixpkgs": {
      "locked": {
        "lastModified": 1684308115,
        "narHash": "sha256-PjXbMN2tztIMdrtFf8KlAIpEw5WUMyXlF4BzMGjbidQ=",
        "owner": "CHN-beta",
        "repo": "nixpkgs",
        "rev": "22435341dddfdc5fb09093f6dd4350b3cc65086a",
        "type": "github"
      },
      "original": {
        "owner": "CHN-beta",
        "ref": "nixos-unstable",
        "repo": "nixpkgs",
        "type": "github"
      }
    },
    "root": {
      "inputs": {
        "home-manager": "home-manager",
        "nixpkgs": "nixpkgs"
      }
    }
  },
  "root": "root",
  "version": 7
}
